
Microsoft Visual Studio Solution File, Format Version 12.00
# Visual Studio Version 17
VisualStudioVersion = 17.4.33110.190
MinimumVisualStudioVersion = 10.0.40219.1
Project("{FAE04EC0-301F-11D3-BF4B-00C04F79EFBC}") = "POO Mensagem", "POO Mensagem\POO Mensagem.csproj", "{D92D1FFE-EC6B-4D1C-9A8B-338526D39901}"
EndProject
Global
	GlobalSection(SolutionConfigurationPlatforms) = preSolution
		Debug|Any CPU = Debug|Any CPU
		Release|Any CPU = Release|Any CPU
	EndGlobalSection
	GlobalSection(ProjectConfigurationPlatforms) = postSolution
		{D92D1FFE-EC6B-4D1C-9A8B-338526D39901}.Debug|Any CPU.ActiveCfg = Debug|Any CPU
		{D92D1FFE-EC6B-4D1C-9A8B-338526D39901}.Debug|Any CPU.Build.0 = Debug|Any CPU
		{D92D1FFE-EC6B-4D1C-9A8B-338526D39901}.Release|Any CPU.ActiveCfg = Release|Any CPU
		{D92D1FFE-EC6B-4D1C-9A8B-338526D39901}.Release|Any CPU.Build.0 = Release|Any CPU
	EndGlobalSection
	GlobalSection(SolutionProperties) = preSolution
		HideSolutionNode = FALSE
	EndGlobalSection
	GlobalSection(ExtensibilityGlobals) = postSolution
		SolutionGuid = {60B486F0-EC11-4E43-BA8E-24C3EE197005}
	EndGlobalSection
EndGlobal
